
Microsoft Visual Studio Solution File, Format Version 12.00
# Visual Studio 15
VisualStudioVersion = 15.0.28010.2026
MinimumVisualStudioVersion = 10.0.40219.1
Project("{FAE04EC0-301F-11D3-BF4B-00C04F79EFBC}") = "Jarvis", "Jarvis\Jarvis.csproj", "{D7E36132-44B2-4700-A934-04778AB5467F}"
EndProject
Global
	GlobalSection(SolutionConfigurationPlatforms) = preSolution
		Debug|Any CPU = Debug|Any CPU
		Release|Any CPU = Release|Any CPU
	EndGlobalSection
	GlobalSection(ProjectConfigurationPlatforms) = postSolution
		{D7E36132-44B2-4700-A934-04778AB5467F}.Debug|Any CPU.ActiveCfg = Debug|Any CPU
		{D7E36132-44B2-4700-A934-04778AB5467F}.Debug|Any CPU.Build.0 = Debug|Any CPU
		{D7E36132-44B2-4700-A934-04778AB5467F}.Release|Any CPU.ActiveCfg = Release|Any CPU
		{D7E36132-44B2-4700-A934-04778AB5467F}.Release|Any CPU.Build.0 = Release|Any CPU
	EndGlobalSection
	GlobalSection(SolutionProperties) = preSolution
		HideSolutionNode = FALSE
	EndGlobalSection
	GlobalSection(ExtensibilityGlobals) = postSolution
		SolutionGuid = {5FA2D0DC-B655-4542-A5B3-74E4B19BEA6A}
	EndGlobalSection
EndGlobal
